{
  "name": "pawajs-dom-rerender",
  "version": "0.0.3",
  "lockfileVersion": 3,
  "requires": true,
  "packages": {
    "": {
      "name": "pawajs-dom-rerender",
      "version": "0.0.3",
      "license": "MIT",
      "devDependencies": {
        "pawajs": "^1.0.22"
      }
    },
    "node_modules/pawajs": {
      "version": "1.0.22",
      "resolved": "https://registry.npmjs.org/pawajs/-/pawajs-1.0.22.tgz",
      "integrity": "sha512-2JNfpiVQuGdejZMtkXnV9AokYmDTkSjpwOMR/PI1yI8rgpyj/L3p3pzj1fX4E8mWEh6qJHtFXgaAGz8OyY8Xwg==",
      "dev": true,
      "license": "MIT"
    }
  }
}
